// !$*UTF8*$!
{
	archiveVersion = 1;
	classes = {
	};
	objectVersion = 77;
	objects = {

/* Begin PBXBuildFile section */
		B04D15B12FCCC740000B112A /* FirebaseAuth in Frameworks */ = {isa = PBXBuildFile; productRef = B04D15B02FCCC740000B112A /* FirebaseAuth */; };
		B04D15B32FCCC740000B112A /* FirebaseFirestore in Frameworks */ = {isa = PBXBuildFile; productRef = B04D15B22FCCC740000B112A /* FirebaseFirestore */; };
		B0B298872FCBEA54005AE6E9 /* ChinezWatchApp Watch App.app in Embed Watch Content */ = {isa = PBXBuildFile; fileRef = B0B2987D2FCBEA53005AE6E9 /* ChinezWatchApp Watch App.app */; settings = {ATTRIBUTES = (RemoveHeadersOnCopy, ); }; };
/* End PBXBuildFile section */

/* Begin PBXContainerItemProxy section */
		B0447EC22FCEEE6A0058B506 /* PBXContainerItemProxy */ = {
			isa = PBXContainerItemProxy;
			containerPortal = B00140482FBF0D1600540C69 /* Project object */;
			proxyType = 1;
			remoteGlobalIDString = B001404F2FBF0D1600540C69;
			remoteInfo = Chinezy;
		};
		B0447ED12FCEEE760058B506 /* PBXContainerItemProxy */ = {
			isa = PBXContainerItemProxy;
			containerPortal = B00140482FBF0D1600540C69 /* Project object */;
			proxyType = 1;
			remoteGlobalIDString = B001404F2FBF0D1600540C69;
			remoteInfo = Chinezy;
		};
		B0B298852FCBEA54005AE6E9 /* PBXContainerItemProxy */ = {
			isa = PBXContainerItemProxy;
			containerPortal = B00140482FBF0D1600540C69 /* Project object */;
			proxyType = 1;
			remoteGlobalIDString = B0B2987C2FCBEA53005AE6E9;
			remoteInfo = "ChinezWatchApp Watch App";
		};
/* End PBXContainerItemProxy section */

/* Begin PBXCopyFilesBuildPhase section */
		B0B298882FCBEA54005AE6E9 /* Embed Watch Content */ = {
			isa = PBXCopyFilesBuildPhase;
			buildActionMask = 2147483647;
			dstPath = "$(CONTENTS_FOLDER_PATH)/Watch";
			dstSubfolderSpec = 16;
			files = (
				B0B298872FCBEA54005AE6E9 /* ChinezWatchApp Watch App.app in Embed Watch Content */,
			);
			name = "Embed Watch Content";
			runOnlyForDeploymentPostprocessing = 0;
		};
/* End PBXCopyFilesBuildPhase section */

/* Begin PBXFileReference section */
		B00140502FBF0D1600540C69 /* Chinezy.app */ = {isa = PBXFileReference; explicitFileType = wrapper.application; includeInIndex = 0; path = Chinezy.app; sourceTree = BUILT_PRODUCTS_DIR; };
		B0447EBE2FCEEE6A0058B506 /* ChinezyUnitTests.xctest */ = {isa = PBXFileReference; explicitFileType = wrapper.cfbundle; includeInIndex = 0; path = ChinezyUnitTests.xctest; sourceTree = BUILT_PRODUCTS_DIR; };
		B0447ECB2FCEEE760058B506 /* ChinezyUITests.xctest */ = {isa = PBXFileReference; explicitFileType = wrapper.cfbundle; includeInIndex = 0; path = ChinezyUITests.xctest; sourceTree = BUILT_PRODUCTS_DIR; };
		B0B2987D2FCBEA53005AE6E9 /* ChinezWatchApp Watch App.app */ = {isa = PBXFileReference; explicitFileType = wrapper.application; includeInIndex = 0; path = "ChinezWatchApp Watch App.app"; sourceTree = BUILT_PRODUCTS_DIR; };
/* End PBXFileReference section */

/* Begin PBXFileSystemSynchronizedBuildFileExceptionSet section */
		B0447EB92FCEEBBB0058B506 /* Exceptions for "Chinezy" folder in "Chinezy" target */ = {
			isa = PBXFileSystemSynchronizedBuildFileExceptionSet;
			membershipExceptions = (
				Core/Resources/Audios/Ch2/2.2/dui.mp3,
				Core/Resources/Audios/Ch3/3.2/you.mp3,
				Core/Resources/Audios/Ch4/4.2/ji.mp3,
				Core/Resources/Audios/Ch5/5.1/shu.mp3,
				Core/Resources/Audios/Ch7/7.3/tian.mp3,
				Core/Resources/Audios/Ch9/9.3/qian.mp3,
			);
			target = B001404F2FBF0D1600540C69 /* Chinezy */;
		};
/* End PBXFileSystemSynchronizedBuildFileExceptionSet section */

/* Begin PBXFileSystemSynchronizedRootGroup section */
		B00140522FBF0D1600540C69 /* Chinezy */ = {
			isa = PBXFileSystemSynchronizedRootGroup;
			exceptions = (
				B0447EB92FCEEBBB0058B506 /* Exceptions for "Chinezy" folder in "Chinezy" target */,
			);
			path = Chinezy;
			sourceTree = "<group>";
		};
		B0447EBF2FCEEE6A0058B506 /* ChinezyUnitTests */ = {
			isa = PBXFileSystemSynchronizedRootGroup;
			path = ChinezyUnitTests;
			sourceTree = "<group>";
		};
		B0447ECC2FCEEE760058B506 /* ChinezyUITests */ = {
			isa = PBXFileSystemSynchronizedRootGroup;
			path = ChinezyUITests;
			sourceTree = "<group>";
		};
		B0B2987E2FCBEA53005AE6E9 /* ChinezWatchApp Watch App */ = {
			isa = PBXFileSystemSynchronizedRootGroup;
			path = "ChinezWatchApp Watch App";
			sourceTree = "<group>";
		};
/* End PBXFileSystemSynchronizedRootGroup section */

/* Begin PBXFrameworksBuildPhase section */
		B001404D2FBF0D1600540C69 /* Frameworks */ = {
			isa = PBXFrameworksBuildPhase;
			buildActionMask = 2147483647;
			files = (
				B04D15B12FCCC740000B112A /* FirebaseAuth in Frameworks */,
				B04D15B32FCCC740000B112A /* FirebaseFirestore in Frameworks */,
			);
			runOnlyForDeploymentPostprocessing = 0;
		};
		B0447EBB2FCEEE6A0058B506 /* Frameworks */ = {
			isa = PBXFrameworksBuildPhase;
			buildActionMask = 2147483647;
			files = (
			);
			runOnlyForDeploymentPostprocessing = 0;
		};
		B0447EC82FCEEE760058B506 /* Frameworks */ = {
			isa = PBXFrameworksBuildPhase;
			buildActionMask = 2147483647;
			files = (
			);
			runOnlyForDeploymentPostprocessing = 0;
		};
		B0B2987A2FCBEA53005AE6E9 /* Frameworks */ = {
			isa = PBXFrameworksBuildPhase;
			buildActionMask = 2147483647;
			files = (
			);
			runOnlyForDeploymentPostprocessing = 0;
		};
/* End PBXFrameworksBuildPhase section */

/* Begin PBXGroup section */
		B00140472FBF0D1500540C69 = {
			isa = PBXGroup;
			children = (
				B00140522FBF0D1600540C69 /* Chinezy */,
				B0B2987E2FCBEA53005AE6E9 /* ChinezWatchApp Watch App */,
				B0447EBF2FCEEE6A0058B506 /* ChinezyUnitTests */,
				B0447ECC2FCEEE760058B506 /* ChinezyUITests */,
				B04D15AE2FCCC5A7000B112A /* Frameworks */,
				B00140512FBF0D1600540C69 /* Products */,
			);
			sourceTree = "<group>";
		};
		B00140512FBF0D1600540C69 /* Products */ = {
			isa = PBXGroup;
			children = (
				B00140502FBF0D1600540C69 /* Chinezy.app */,
				B0B2987D2FCBEA53005AE6E9 /* ChinezWatchApp Watch App.app */,
				B0447EBE2FCEEE6A0058B506 /* ChinezyUnitTests.xctest */,
				B0447ECB2FCEEE760058B506 /* ChinezyUITests.xctest */,
			);
			name = Products;
			sourceTree = "<group>";
		};
		B04D15AE2FCCC5A7000B112A /* Frameworks */ = {
			isa = PBXGroup;
			children = (
			);
			name = Frameworks;
			sourceTree = "<group>";
		};
/* End PBXGroup section */

/* Begin PBXNativeTarget section */
		B001404F2FBF0D1600540C69 /* Chinezy */ = {
			isa = PBXNativeTarget;
			buildConfigurationList = B001405D2FBF0D1700540C69 /* Build configuration list for PBXNativeTarget "Chinezy" */;
			buildPhases = (
				B001404C2FBF0D1600540C69 /* Sources */,
				B001404D2FBF0D1600540C69 /* Frameworks */,
				B001404E2FBF0D1600540C69 /* Resources */,
				B0B298882FCBEA54005AE6E9 /* Embed Watch Content */,
			);
			buildRules = (
			);
			dependencies = (
				B0B298862FCBEA54005AE6E9 /* PBXTargetDependency */,
			);
			fileSystemSynchronizedGroups = (
				B00140522FBF0D1600540C69 /* Chinezy */,
			);
			name = Chinezy;
			packageProductDependencies = (
				B04D15B02FCCC740000B112A /* FirebaseAuth */,
				B04D15B22FCCC740000B112A /* FirebaseFirestore */,
			);
			productName = Chinezy;
			productReference = B00140502FBF0D1600540C69 /* Chinezy.app */;
			productType = "com.apple.product-type.application";
		};
		B0447EBD2FCEEE6A0058B506 /* ChinezyUnitTests */ = {
			isa = PBXNativeTarget;
			buildConfigurationList = B0447EC42FCEEE6B0058B506 /* Build configuration list for PBXNativeTarget "ChinezyUnitTests" */;
			buildPhases = (
				B0447EBA2FCEEE6A0058B506 /* Sources */,
				B0447EBB2FCEEE6A0058B506 /* Frameworks */,
				B0447EBC2FCEEE6A0058B506 /* Resources */,
			);
			buildRules = (
			);
			dependencies = (
				B0447EC32FCEEE6A0058B506 /* PBXTargetDependency */,
			);
			fileSystemSynchronizedGroups = (
				B0447EBF2FCEEE6A0058B506 /* ChinezyUnitTests */,
			);
			name = ChinezyUnitTests;
			packageProductDependencies = (
			);
			productName = ChinezyUnitTests;
			productReference = B0447EBE2FCEEE6A0058B506 /* ChinezyUnitTests.xctest */;
			productType = "com.apple.product-type.bundle.unit-test";
		};
		B0447ECA2FCEEE760058B506 /* ChinezyUITests */ = {
			isa = PBXNativeTarget;
			buildConfigurationList = B0447ED32FCEEE760058B506 /* Build configuration list for PBXNativeTarget "ChinezyUITests" */;
			buildPhases = (
				B0447EC72FCEEE760058B506 /* Sources */,
				B0447EC82FCEEE760058B506 /* Frameworks */,
				B0447EC92FCEEE760058B506 /* Resources */,
			);
			buildRules = (
			);
			dependencies = (
				B0447ED22FCEEE760058B506 /* PBXTargetDependency */,
			);
			fileSystemSynchronizedGroups = (
				B0447ECC2FCEEE760058B506 /* ChinezyUITests */,
			);
			name = ChinezyUITests;
			packageProductDependencies = (
			);
			productName = ChinezyUITests;
			productReference = B0447ECB2FCEEE760058B506 /* ChinezyUITests.xctest */;
			productType = "com.apple.product-type.bundle.ui-testing";
		};
		B0B2987C2FCBEA53005AE6E9 /* ChinezWatchApp Watch App */ = {
			isa = PBXNativeTarget;
			buildConfigurationList = B0B2988B2FCBEA54005AE6E9 /* Build configuration list for PBXNativeTarget "ChinezWatchApp Watch App" */;
			buildPhases = (
				B0B298792FCBEA53005AE6E9 /* Sources */,
				B0B2987A2FCBEA53005AE6E9 /* Frameworks */,
				B0B2987B2FCBEA53005AE6E9 /* Resources */,
			);
			buildRules = (
			);
			dependencies = (
			);
			fileSystemSynchronizedGroups = (
				B0B2987E2FCBEA53005AE6E9 /* ChinezWatchApp Watch App */,
			);
			name = "ChinezWatchApp Watch App";
			packageProductDependencies = (
			);
			productName = "ChinezWatchApp Watch App";
			productReference = B0B2987D2FCBEA53005AE6E9 /* ChinezWatchApp Watch App.app */;
			productType = "com.apple.product-type.application";
		};
/* End PBXNativeTarget section */

/* Begin PBXProject section */
		B00140482FBF0D1600540C69 /* Project object */ = {
			isa = PBXProject;
			attributes = {
				BuildIndependentTargetsInParallel = 1;
				LastSwiftUpdateCheck = 2620;
				LastUpgradeCheck = 2620;
				TargetAttributes = {
					B001404F2FBF0D1600540C69 = {
						CreatedOnToolsVersion = 26.2;
					};
					B0447EBD2FCEEE6A0058B506 = {
						CreatedOnToolsVersion = 26.2;
						TestTargetID = B001404F2FBF0D1600540C69;
					};
					B0447ECA2FCEEE760058B506 = {
						CreatedOnToolsVersion = 26.2;
						TestTargetID = B001404F2FBF0D1600540C69;
					};
					B0B2987C2FCBEA53005AE6E9 = {
						CreatedOnToolsVersion = 26.2;
					};
				};
			};
			buildConfigurationList = B001404B2FBF0D1600540C69 /* Build configuration list for PBXProject "Chinezy" */;
			developmentRegion = en;
			hasScannedForEncodings = 0;
			knownRegions = (
				en,
				Base,
			);
			mainGroup = B00140472FBF0D1500540C69;
			minimizedProjectReferenceProxies = 1;
			packageReferences = (
				B04D15AF2FCCC740000B112A /* XCRemoteSwiftPackageReference "firebase-ios-sdk" */,
			);
			preferredProjectObjectVersion = 77;
			productRefGroup = B00140512FBF0D1600540C69 /* Products */;
			projectDirPath = "";
			projectRoot = "";
			targets = (
				B001404F2FBF0D1600540C69 /* Chinezy */,
				B0B2987C2FCBEA53005AE6E9 /* ChinezWatchApp Watch App */,
				B0447EBD2FCEEE6A0058B506 /* ChinezyUnitTests */,
				B0447ECA2FCEEE760058B506 /* ChinezyUITests */,
			);
		};
/* End PBXProject section */

/* Begin PBXResourcesBuildPhase section */
		B001404E2FBF0D1600540C69 /* Resources */ = {
			isa = PBXResourcesBuildPhase;
			buildActionMask = 2147483647;
			files = (
			);
			runOnlyForDeploymentPostprocessing = 0;
		};
		B0447EBC2FCEEE6A0058B506 /* Resources */ = {
			isa = PBXResourcesBuildPhase;
			buildActionMask = 2147483647;
			files = (
			);
			runOnlyForDeploymentPostprocessing = 0;
		};
		B0447EC92FCEEE760058B506 /* Resources */ = {
			isa = PBXResourcesBuildPhase;
			buildActionMask = 2147483647;
			files = (
			);
			runOnlyForDeploymentPostprocessing = 0;
		};
		B0B2987B2FCBEA53005AE6E9 /* Resources */ = {
			isa = PBXResourcesBuildPhase;
			buildActionMask = 2147483647;
			files = (
			);
			runOnlyForDeploymentPostprocessing = 0;
		};
/* End PBXResourcesBuildPhase section */

/* Begin PBXSourcesBuildPhase section */
		B001404C2FBF0D1600540C69 /* Sources */ = {
			isa = PBXSourcesBuildPhase;
			buildActionMask = 2147483647;
			files = (
			);
			runOnlyForDeploymentPostprocessing = 0;
		};
		B0447EBA2FCEEE6A0058B506 /* Sources */ = {
			isa = PBXSourcesBuildPhase;
			buildActionMask = 2147483647;
			files = (
			);
			runOnlyForDeploymentPostprocessing = 0;
		};
		B0447EC72FCEEE760058B506 /* Sources */ = {
			isa = PBXSourcesBuildPhase;
			buildActionMask = 2147483647;
			files = (
			);
			runOnlyForDeploymentPostprocessing = 0;
		};
		B0B298792FCBEA53005AE6E9 /* Sources */ = {
			isa = PBXSourcesBuildPhase;
			buildActionMask = 2147483647;
			files = (
			);
			runOnlyForDeploymentPostprocessing = 0;
		};
/* End PBXSourcesBuildPhase section */

/* Begin PBXTargetDependency section */
		B0447EC32FCEEE6A0058B506 /* PBXTargetDependency */ = {
			isa = PBXTargetDependency;
			target = B001404F2FBF0D1600540C69 /* Chinezy */;
			targetProxy = B0447EC22FCEEE6A0058B506 /* PBXContainerItemProxy */;
		};
		B0447ED22FCEEE760058B506 /* PBXTargetDependency */ = {
			isa = PBXTargetDependency;
			target = B001404F2FBF0D1600540C69 /* Chinezy */;
			targetProxy = B0447ED12FCEEE760058B506 /* PBXContainerItemProxy */;
		};
		B0B298862FCBEA54005AE6E9 /* PBXTargetDependency */ = {
			isa = PBXTargetDependency;
			target = B0B2987C2FCBEA53005AE6E9 /* ChinezWatchApp Watch App */;
			targetProxy = B0B298852FCBEA54005AE6E9 /* PBXContainerItemProxy */;
		};
/* End PBXTargetDependency section */

/* Begin XCBuildConfiguration section */
		B001405B2FBF0D1700540C69 /* Debug */ = {
			isa = XCBuildConfiguration;
			buildSettings = {
				ALWAYS_SEARCH_USER_PATHS = NO;
				ASSETCATALOG_COMPILER_GENERATE_SWIFT_ASSET_SYMBOL_EXTENSIONS = YES;
				CLANG_ANALYZER_NONNULL = YES;
				CLANG_ANALYZER_NUMBER_OBJECT_CONVERSION = YES_AGGRESSIVE;
				CLANG_CXX_LANGUAGE_STANDARD = "gnu++20";
				CLANG_ENABLE_MODULES = YES;
				CLANG_ENABLE_OBJC_ARC = YES;
				CLANG_ENABLE_OBJC_WEAK = YES;
				CLANG_WARN_BLOCK_CAPTURE_AUTORELEASING = YES;
				CLANG_WARN_BOOL_CONVERSION = YES;
				CLANG_WARN_COMMA = YES;
				CLANG_WARN_CONSTANT_CONVERSION = YES;
				CLANG_WARN_DEPRECATED_OBJC_IMPLEMENTATIONS = YES;
				CLANG_WARN_DIRECT_OBJC_ISA_USAGE = YES_ERROR;
				CLANG_WARN_DOCUMENTATION_COMMENTS = YES;
				CLANG_WARN_EMPTY_BODY = YES;
				CLANG_WARN_ENUM_CONVERSION = YES;
				CLANG_WARN_INFINITE_RECURSION = YES;
				CLANG_WARN_INT_CONVERSION = YES;
				CLANG_WARN_NON_LITERAL_NULL_CONVERSION = YES;
				CLANG_WARN_OBJC_IMPLICIT_RETAIN_SELF = YES;
				CLANG_WARN_OBJC_LITERAL_CONVERSION = YES;
				CLANG_WARN_OBJC_ROOT_CLASS = YES_ERROR;
				CLANG_WARN_QUOTED_INCLUDE_IN_FRAMEWORK_HEADER = YES;
				CLANG_WARN_RANGE_LOOP_ANALYSIS = YES;
				CLANG_WARN_STRICT_PROTOTYPES = YES;
				CLANG_WARN_SUSPICIOUS_MOVE = YES;
				CLANG_WARN_UNGUARDED_AVAILABILITY = YES_AGGRESSIVE;
				CLANG_WARN_UNREACHABLE_CODE = YES;
				CLANG_WARN__DUPLICATE_METHOD_MATCH = YES;
				COPY_PHASE_STRIP = NO;
				DEBUG_INFORMATION_FORMAT = dwarf;
				ENABLE_STRICT_OBJC_MSGSEND = YES;
				ENABLE_TESTABILITY = YES;
				ENABLE_USER_SCRIPT_SANDBOXING = YES;
				GCC_C_LANGUAGE_STANDARD = gnu17;
				GCC_DYNAMIC_NO_PIC = NO;
				GCC_NO_COMMON_BLOCKS = YES;
				GCC_OPTIMIZATION_LEVEL = 0;
				GCC_PREPROCESSOR_DEFINITIONS = (
					"DEBUG=1",
					"$(inherited)",
				);
				GCC_WARN_64_TO_32_BIT_CONVERSION = YES;
				GCC_WARN_ABOUT_RETURN_TYPE = YES_ERROR;
				GCC_WARN_UNDECLARED_SELECTOR = YES;
				GCC_WARN_UNINITIALIZED_AUTOS = YES_AGGRESSIVE;
				GCC_WARN_UNUSED_FUNCTION = YES;
				GCC_WARN_UNUSED_VARIABLE = YES;
				IPHONEOS_DEPLOYMENT_TARGET = 26.2;
				LOCALIZATION_PREFERS_STRING_CATALOGS = YES;
				MTL_ENABLE_DEBUG_INFO = INCLUDE_SOURCE;
				MTL_FAST_MATH = YES;
				ONLY_ACTIVE_ARCH = YES;
				SDKROOT = iphoneos;
				SWIFT_ACTIVE_COMPILATION_CONDITIONS = "DEBUG $(inherited)";
				SWIFT_OPTIMIZATION_LEVEL = "-Onone";
			};
			name = Debug;
		};
		B001405C2FBF0D1700540C69 /* Release */ = {
			isa = XCBuildConfiguration;
			buildSettings = {
				ALWAYS_SEARCH_USER_PATHS = NO;
				ASSETCATALOG_COMPILER_GENERATE_SWIFT_ASSET_SYMBOL_EXTENSIONS = YES;
				CLANG_ANALYZER_NONNULL = YES;
				CLANG_ANALYZER_NUMBER_OBJECT_CONVERSION = YES_AGGRESSIVE;
				CLANG_CXX_LANGUAGE_STANDARD = "gnu++20";
				CLANG_ENABLE_MODULES = YES;
				CLANG_ENABLE_OBJC_ARC = YES;
				CLANG_ENABLE_OBJC_WEAK = YES;
				CLANG_WARN_BLOCK_CAPTURE_AUTORELEASING = YES;
				CLANG_WARN_BOOL_CONVERSION = YES;
				CLANG_WARN_COMMA = YES;
				CLANG_WARN_CONSTANT_CONVERSION = YES;
				CLANG_WARN_DEPRECATED_OBJC_IMPLEMENTATIONS = YES;
				CLANG_WARN_DIRECT_OBJC_ISA_USAGE = YES_ERROR;
				CLANG_WARN_DOCUMENTATION_COMMENTS = YES;
				CLANG_WARN_EMPTY_BODY = YES;
				CLANG_WARN_ENUM_CONVERSION = YES;
				CLANG_WARN_INFINITE_RECURSION = YES;
				CLANG_WARN_INT_CONVERSION = YES;
				CLANG_WARN_NON_LITERAL_NULL_CONVERSION = YES;
				CLANG_WARN_OBJC_IMPLICIT_RETAIN_SELF = YES;
				CLANG_WARN_OBJC_LITERAL_CONVERSION = YES;
				CLANG_WARN_OBJC_ROOT_CLASS = YES_ERROR;
				CLANG_WARN_QUOTED_INCLUDE_IN_FRAMEWORK_HEADER = YES;
				CLANG_WARN_RANGE_LOOP_ANALYSIS = YES;
				CLANG_WARN_STRICT_PROTOTYPES = YES;
				CLANG_WARN_SUSPICIOUS_MOVE = YES;
				CLANG_WARN_UNGUARDED_AVAILABILITY = YES_AGGRESSIVE;
				CLANG_WARN_UNREACHABLE_CODE = YES;
				CLANG_WARN__DUPLICATE_METHOD_MATCH = YES;
				COPY_PHASE_STRIP = NO;
				DEBUG_INFORMATION_FORMAT = "dwarf-with-dsym";
				ENABLE_NS_ASSERTIONS = NO;
				ENABLE_STRICT_OBJC_MSGSEND = YES;
				ENABLE_USER_SCRIPT_SANDBOXING = YES;
				GCC_C_LANGUAGE_STANDARD = gnu17;
				GCC_NO_COMMON_BLOCKS = YES;
				GCC_WARN_64_TO_32_BIT_CONVERSION = YES;
				GCC_WARN_ABOUT_RETURN_TYPE = YES_ERROR;
				GCC_WARN_UNDECLARED_SELECTOR = YES;
				GCC_WARN_UNINITIALIZED_AUTOS = YES_AGGRESSIVE;
				GCC_WARN_UNUSED_FUNCTION = YES;
				GCC_WARN_UNUSED_VARIABLE = YES;
				IPHONEOS_DEPLOYMENT_TARGET = 26.2;
				LOCALIZATION_PREFERS_STRING_CATALOGS = YES;
				MTL_ENABLE_DEBUG_INFO = NO;
				MTL_FAST_MATH = YES;
				SDKROOT = iphoneos;
				SWIFT_COMPILATION_MODE = wholemodule;
				VALIDATE_PRODUCT = YES;
			};
			name = Release;
		};
		B001405E2FBF0D1700540C69 /* Debug */ = {
			isa = XCBuildConfiguration;
			buildSettings = {
				ASSETCATALOG_COMPILER_APPICON_NAME = AppIcon;
				ASSETCATALOG_COMPILER_GLOBAL_ACCENT_COLOR_NAME = AccentColor;
				CODE_SIGN_STYLE = Automatic;
				CURRENT_PROJECT_VERSION = 1;
				ENABLE_PREVIEWS = YES;
				GENERATE_INFOPLIST_FILE = YES;
				INFOPLIST_KEY_NSMicrophoneUsageDescription = "Chinezy needs access to your microphone to listen to your pronunciation and evaluate your Mandarin tones.";
				INFOPLIST_KEY_UIApplicationSceneManifest_Generation = YES;
				INFOPLIST_KEY_UIApplicationSupportsIndirectInputEvents = YES;
				INFOPLIST_KEY_UILaunchScreen_Generation = YES;
				INFOPLIST_KEY_UISupportedInterfaceOrientations_iPad = "UIInterfaceOrientationPortrait UIInterfaceOrientationPortraitUpsideDown UIInterfaceOrientationLandscapeLeft UIInterfaceOrientationLandscapeRight";
				INFOPLIST_KEY_UISupportedInterfaceOrientations_iPhone = "UIInterfaceOrientationPortrait UIInterfaceOrientationLandscapeLeft UIInterfaceOrientationLandscapeRight";
				LD_RUNPATH_SEARCH_PATHS = (
					"$(inherited)",
					"@executable_path/Frameworks",
				);
				MARKETING_VERSION = 1.0;
				PRODUCT_BUNDLE_IDENTIFIER = com.Chinezy;
				PRODUCT_NAME = "$(TARGET_NAME)";
				STRING_CATALOG_GENERATE_SYMBOLS = YES;
				SWIFT_APPROACHABLE_CONCURRENCY = YES;
				SWIFT_DEFAULT_ACTOR_ISOLATION = MainActor;
				SWIFT_EMIT_LOC_STRINGS = YES;
				SWIFT_UPCOMING_FEATURE_MEMBER_IMPORT_VISIBILITY = YES;
				SWIFT_VERSION = 5.0;
				TARGETED_DEVICE_FAMILY = "1,2";
			};
			name = Debug;
		};
		B001405F2FBF0D1700540C69 /* Release */ = {
			isa = XCBuildConfiguration;
			buildSettings = {
				ASSETCATALOG_COMPILER_APPICON_NAME = AppIcon;
				ASSETCATALOG_COMPILER_GLOBAL_ACCENT_COLOR_NAME = AccentColor;
				CODE_SIGN_STYLE = Automatic;
				CURRENT_PROJECT_VERSION = 1;
				ENABLE_PREVIEWS = YES;
				GENERATE_INFOPLIST_FILE = YES;
				INFOPLIST_KEY_NSMicrophoneUsageDescription = "Chinezy needs access to your microphone to listen to your pronunciation and evaluate your Mandarin tones.";
				INFOPLIST_KEY_UIApplicationSceneManifest_Generation = YES;
				INFOPLIST_KEY_UIApplicationSupportsIndirectInputEvents = YES;
				INFOPLIST_KEY_UILaunchScreen_Generation = YES;
				INFOPLIST_KEY_UISupportedInterfaceOrientations_iPad = "UIInterfaceOrientationPortrait UIInterfaceOrientationPortraitUpsideDown UIInterfaceOrientationLandscapeLeft UIInterfaceOrientationLandscapeRight";
				INFOPLIST_KEY_UISupportedInterfaceOrientations_iPhone = "UIInterfaceOrientationPortrait UIInterfaceOrientationLandscapeLeft UIInterfaceOrientationLandscapeRight";
				LD_RUNPATH_SEARCH_PATHS = (
					"$(inherited)",
					"@executable_path/Frameworks",
				);
				MARKETING_VERSION = 1.0;
				PRODUCT_BUNDLE_IDENTIFIER = com.Chinezy;
				PRODUCT_NAME = "$(TARGET_NAME)";
				STRING_CATALOG_GENERATE_SYMBOLS = YES;
				SWIFT_APPROACHABLE_CONCURRENCY = YES;
				SWIFT_DEFAULT_ACTOR_ISOLATION = MainActor;
				SWIFT_EMIT_LOC_STRINGS = YES;
				SWIFT_UPCOMING_FEATURE_MEMBER_IMPORT_VISIBILITY = YES;
				SWIFT_VERSION = 5.0;
				TARGETED_DEVICE_FAMILY = "1,2";
			};
			name = Release;
		};
		B0447EC52FCEEE6B0058B506 /* Debug */ = {
			isa = XCBuildConfiguration;
			buildSettings = {
				BUNDLE_LOADER = "$(TEST_HOST)";
				CODE_SIGN_STYLE = Automatic;
				CURRENT_PROJECT_VERSION = 1;
				GENERATE_INFOPLIST_FILE = YES;
				MARKETING_VERSION = 1.0;
				PRODUCT_BUNDLE_IDENTIFIER = com.ChinezyUnitTests;
				PRODUCT_NAME = "$(TARGET_NAME)";
				STRING_CATALOG_GENERATE_SYMBOLS = NO;
				SWIFT_APPROACHABLE_CONCURRENCY = YES;
				SWIFT_EMIT_LOC_STRINGS = NO;
				SWIFT_UPCOMING_FEATURE_MEMBER_IMPORT_VISIBILITY = YES;
				SWIFT_VERSION = 5.0;
				TARGETED_DEVICE_FAMILY = "1,2";
				TEST_HOST = "$(BUILT_PRODUCTS_DIR)/Chinezy.app/$(BUNDLE_EXECUTABLE_FOLDER_PATH)/Chinezy";
			};
			name = Debug;
		};
		B0447EC62FCEEE6B0058B506 /* Release */ = {
			isa = XCBuildConfiguration;
			buildSettings = {
				BUNDLE_LOADER = "$(TEST_HOST)";
				CODE_SIGN_STYLE = Automatic;
				CURRENT_PROJECT_VERSION = 1;
				GENERATE_INFOPLIST_FILE = YES;
				MARKETING_VERSION = 1.0;
				PRODUCT_BUNDLE_IDENTIFIER = com.ChinezyUnitTests;
				PRODUCT_NAME = "$(TARGET_NAME)";
				STRING_CATALOG_GENERATE_SYMBOLS = NO;
				SWIFT_APPROACHABLE_CONCURRENCY = YES;
				SWIFT_EMIT_LOC_STRINGS = NO;
				SWIFT_UPCOMING_FEATURE_MEMBER_IMPORT_VISIBILITY = YES;
				SWIFT_VERSION = 5.0;
				TARGETED_DEVICE_FAMILY = "1,2";
				TEST_HOST = "$(BUILT_PRODUCTS_DIR)/Chinezy.app/$(BUNDLE_EXECUTABLE_FOLDER_PATH)/Chinezy";
			};
			name = Release;
		};
		B0447ED42FCEEE760058B506 /* Debug */ = {
			isa = XCBuildConfiguration;
			buildSettings = {
				CODE_SIGN_STYLE = Automatic;
				CURRENT_PROJECT_VERSION = 1;
				GENERATE_INFOPLIST_FILE = YES;
				MARKETING_VERSION = 1.0;
				PRODUCT_BUNDLE_IDENTIFIER = com.ChinezyUITests;
				PRODUCT_NAME = "$(TARGET_NAME)";
				STRING_CATALOG_GENERATE_SYMBOLS = NO;
				SWIFT_APPROACHABLE_CONCURRENCY = YES;
				SWIFT_EMIT_LOC_STRINGS = NO;
				SWIFT_UPCOMING_FEATURE_MEMBER_IMPORT_VISIBILITY = YES;
				SWIFT_VERSION = 5.0;
				TARGETED_DEVICE_FAMILY = "1,2";
				TEST_TARGET_NAME = Chinezy;
			};
			name = Debug;
		};
		B0447ED52FCEEE760058B506 /* Release */ = {
			isa = XCBuildConfiguration;
			buildSettings = {
				CODE_SIGN_STYLE = Automatic;
				CURRENT_PROJECT_VERSION = 1;
				GENERATE_INFOPLIST_FILE = YES;
				MARKETING_VERSION = 1.0;
				PRODUCT_BUNDLE_IDENTIFIER = com.ChinezyUITests;
				PRODUCT_NAME = "$(TARGET_NAME)";
				STRING_CATALOG_GENERATE_SYMBOLS = NO;
				SWIFT_APPROACHABLE_CONCURRENCY = YES;
				SWIFT_EMIT_LOC_STRINGS = NO;
				SWIFT_UPCOMING_FEATURE_MEMBER_IMPORT_VISIBILITY = YES;
				SWIFT_VERSION = 5.0;
				TARGETED_DEVICE_FAMILY = "1,2";
				TEST_TARGET_NAME = Chinezy;
			};
			name = Release;
		};
		B0B298892FCBEA54005AE6E9 /* Debug */ = {
			isa = XCBuildConfiguration;
			buildSettings = {
				ASSETCATALOG_COMPILER_APPICON_NAME = AppIcon;
				ASSETCATALOG_COMPILER_GLOBAL_ACCENT_COLOR_NAME = AccentColor;
				CODE_SIGN_STYLE = Automatic;
				CURRENT_PROJECT_VERSION = 1;
				ENABLE_PREVIEWS = YES;
				GENERATE_INFOPLIST_FILE = YES;
				INFOPLIST_KEY_CFBundleDisplayName = ChinezWatchApp;
				INFOPLIST_KEY_UISupportedInterfaceOrientations = "UIInterfaceOrientationPortrait UIInterfaceOrientationPortraitUpsideDown";
				INFOPLIST_KEY_WKCompanionAppBundleIdentifier = com.Chinezy;
				LD_RUNPATH_SEARCH_PATHS = (
					"$(inherited)",
					"@executable_path/Frameworks",
				);
				MARKETING_VERSION = 1.0;
				PRODUCT_BUNDLE_IDENTIFIER = com.Chinezy.watchkitapp;
				PRODUCT_NAME = "$(TARGET_NAME)";
				SDKROOT = watchos;
				SKIP_INSTALL = YES;
				STRING_CATALOG_GENERATE_SYMBOLS = YES;
				SWIFT_APPROACHABLE_CONCURRENCY = YES;
				SWIFT_DEFAULT_ACTOR_ISOLATION = MainActor;
				SWIFT_EMIT_LOC_STRINGS = YES;
				SWIFT_UPCOMING_FEATURE_MEMBER_IMPORT_VISIBILITY = YES;
				SWIFT_VERSION = 5.0;
				TARGETED_DEVICE_FAMILY = 4;
				WATCHOS_DEPLOYMENT_TARGET = 26.2;
			};
			name = Debug;
		};
		B0B2988A2FCBEA54005AE6E9 /* Release */ = {
			isa = XCBuildConfiguration;
			buildSettings = {
				ASSETCATALOG_COMPILER_APPICON_NAME = AppIcon;
				ASSETCATALOG_COMPILER_GLOBAL_ACCENT_COLOR_NAME = AccentColor;
				CODE_SIGN_STYLE = Automatic;
				CURRENT_PROJECT_VERSION = 1;
				ENABLE_PREVIEWS = YES;
				GENERATE_INFOPLIST_FILE = YES;
				INFOPLIST_KEY_CFBundleDisplayName = ChinezWatchApp;
				INFOPLIST_KEY_UISupportedInterfaceOrientations = "UIInterfaceOrientationPortrait UIInterfaceOrientationPortraitUpsideDown";
				INFOPLIST_KEY_WKCompanionAppBundleIdentifier = com.Chinezy;
				LD_RUNPATH_SEARCH_PATHS = (
					"$(inherited)",
					"@executable_path/Frameworks",
				);
				MARKETING_VERSION = 1.0;
				PRODUCT_BUNDLE_IDENTIFIER = com.Chinezy.watchkitapp;
				PRODUCT_NAME = "$(TARGET_NAME)";
				SDKROOT = watchos;
				SKIP_INSTALL = YES;
				STRING_CATALOG_GENERATE_SYMBOLS = YES;
				SWIFT_APPROACHABLE_CONCURRENCY = YES;
				SWIFT_DEFAULT_ACTOR_ISOLATION = MainActor;
				SWIFT_EMIT_LOC_STRINGS = YES;
				SWIFT_UPCOMING_FEATURE_MEMBER_IMPORT_VISIBILITY = YES;
				SWIFT_VERSION = 5.0;
				TARGETED_DEVICE_FAMILY = 4;
				WATCHOS_DEPLOYMENT_TARGET = 26.2;
			};
			name = Release;
		};
/* End XCBuildConfiguration section */

/* Begin XCConfigurationList section */
		B001404B2FBF0D1600540C69 /* Build configuration list for PBXProject "Chinezy" */ = {
			isa = XCConfigurationList;
			buildConfigurations = (
				B001405B2FBF0D1700540C69 /* Debug */,
				B001405C2FBF0D1700540C69 /* Release */,
			);
			defaultConfigurationIsVisible = 0;
			defaultConfigurationName = Release;
		};
		B001405D2FBF0D1700540C69 /* Build configuration list for PBXNativeTarget "Chinezy" */ = {
			isa = XCConfigurationList;
			buildConfigurations = (
				B001405E2FBF0D1700540C69 /* Debug */,
				B001405F2FBF0D1700540C69 /* Release */,
			);
			defaultConfigurationIsVisible = 0;
			defaultConfigurationName = Release;
		};
		B0447EC42FCEEE6B0058B506 /* Build configuration list for PBXNativeTarget "ChinezyUnitTests" */ = {
			isa = XCConfigurationList;
			buildConfigurations = (
				B0447EC52FCEEE6B0058B506 /* Debug */,
				B0447EC62FCEEE6B0058B506 /* Release */,
			);
			defaultConfigurationIsVisible = 0;
			defaultConfigurationName = Release;
		};
		B0447ED32FCEEE760058B506 /* Build configuration list for PBXNativeTarget "ChinezyUITests" */ = {
			isa = XCConfigurationList;
			buildConfigurations = (
				B0447ED42FCEEE760058B506 /* Debug */,
				B0447ED52FCEEE760058B506 /* Release */,
			);
			defaultConfigurationIsVisible = 0;
			defaultConfigurationName = Release;
		};
		B0B2988B2FCBEA54005AE6E9 /* Build configuration list for PBXNativeTarget "ChinezWatchApp Watch App" */ = {
			isa = XCConfigurationList;
			buildConfigurations = (
				B0B298892FCBEA54005AE6E9 /* Debug */,
				B0B2988A2FCBEA54005AE6E9 /* Release */,
			);
			defaultConfigurationIsVisible = 0;
			defaultConfigurationName = Release;
		};
/* End XCConfigurationList section */

/* Begin XCRemoteSwiftPackageReference section */
		B04D15AF2FCCC740000B112A /* XCRemoteSwiftPackageReference "firebase-ios-sdk" */ = {
			isa = XCRemoteSwiftPackageReference;
			repositoryURL = "https://github.com/firebase/firebase-ios-sdk.git";
			requirement = {
				kind = upToNextMajorVersion;
				minimumVersion = 12.14.0;
			};
		};
/* End XCRemoteSwiftPackageReference section */

/* Begin XCSwiftPackageProductDependency section */
		B04D15B02FCCC740000B112A /* FirebaseAuth */ = {
			isa = XCSwiftPackageProductDependency;
			package = B04D15AF2FCCC740000B112A /* XCRemoteSwiftPackageReference "firebase-ios-sdk" */;
			productName = FirebaseAuth;
		};
		B04D15B22FCCC740000B112A /* FirebaseFirestore */ = {
			isa = XCSwiftPackageProductDependency;
			package = B04D15AF2FCCC740000B112A /* XCRemoteSwiftPackageReference "firebase-ios-sdk" */;
			productName = FirebaseFirestore;
		};
/* End XCSwiftPackageProductDependency section */
	};
	rootObject = B00140482FBF0D1600540C69 /* Project object */;
}
